
Microsoft Visual Studio Solution File, Format Version 12.00
# Visual Studio 15
VisualStudioVersion = 15.0.27130.2024
MinimumVisualStudioVersion = 10.0.40219.1
Project("{FAE04EC0-301F-11D3-BF4B-00C04F79EFBC}") = "KlinicosDirectivos", "KlinicosDirectivos\KlinicosDirectivos.csproj", "{E21E4A7D-4B43-44E8-9702-9611AE8DB3BC}"
EndProject
Global
	GlobalSection(SolutionConfigurationPlatforms) = preSolution
		Debug|Any CPU = Debug|Any CPU
		Release|Any CPU = Release|Any CPU
	EndGlobalSection
	GlobalSection(ProjectConfigurationPlatforms) = postSolution
		{E21E4A7D-4B43-44E8-9702-9611AE8DB3BC}.Debug|Any CPU.ActiveCfg = Debug|Any CPU
		{E21E4A7D-4B43-44E8-9702-9611AE8DB3BC}.Debug|Any CPU.Build.0 = Debug|Any CPU
		{E21E4A7D-4B43-44E8-9702-9611AE8DB3BC}.Release|Any CPU.ActiveCfg = Release|Any CPU
		{E21E4A7D-4B43-44E8-9702-9611AE8DB3BC}.Release|Any CPU.Build.0 = Release|Any CPU
	EndGlobalSection
	GlobalSection(SolutionProperties) = preSolution
		HideSolutionNode = FALSE
	EndGlobalSection
	GlobalSection(ExtensibilityGlobals) = postSolution
		SolutionGuid = {4C19DF4E-423C-40AF-B6A0-86F0C9572BC3}
	EndGlobalSection
EndGlobal
